
Microsoft Visual Studio Solution File, Format Version 12.00
# Visual Studio Version 17
VisualStudioVersion = 17.6.33829.357
MinimumVisualStudioVersion = 10.0.40219.1
Project("{FAE04EC0-301F-11D3-BF4B-00C04F79EFBC}") = "TelegramBotWeather", "TelegramBotWeather.csproj", "{4D39304C-84FA-4AF4-AEFF-350156411D52}"
EndProject
Global
	GlobalSection(SolutionConfigurationPlatforms) = preSolution
		Debug|Any CPU = Debug|Any CPU
		Release|Any CPU = Release|Any CPU
	EndGlobalSection
	GlobalSection(ProjectConfigurationPlatforms) = postSolution
		{4D39304C-84FA-4AF4-AEFF-350156411D52}.Debug|Any CPU.ActiveCfg = Debug|Any CPU
		{4D39304C-84FA-4AF4-AEFF-350156411D52}.Debug|Any CPU.Build.0 = Debug|Any CPU
		{4D39304C-84FA-4AF4-AEFF-350156411D52}.Release|Any CPU.ActiveCfg = Release|Any CPU
		{4D39304C-84FA-4AF4-AEFF-350156411D52}.Release|Any CPU.Build.0 = Release|Any CPU
	EndGlobalSection
	GlobalSection(SolutionProperties) = preSolution
		HideSolutionNode = FALSE
	EndGlobalSection
	GlobalSection(ExtensibilityGlobals) = postSolution
		SolutionGuid = {0EF55B4B-37DC-475E-AEDA-9EAE7A129AD8}
	EndGlobalSection
EndGlobal
